{
  "name": "pagina_node",
  "version": "1.0.0",
  "lockfileVersion": 1,
  "requires": true,
  "dependencies": {
    "countries-list": {
      "version": "2.5.4",
      "resolved": "https://registry.npmjs.org/countries-list/-/countries-list-2.5.4.tgz",
      "integrity": "sha512-6+AIKth3MCOEWTLOVTgR7zTe6oH3JlL0MworsJwIyG0jQi+cKeChOEPvcKszNtGAuCp7p+OrqdxPWxjhu8LqoA=="
    }
  }
}
